
Microsoft Visual Studio Solution File, Format Version 12.00
# Visual Studio Version 17
VisualStudioVersion = 17.6.33723.286
MinimumVisualStudioVersion = 10.0.40219.1
Project("{FAE04EC0-301F-11D3-BF4B-00C04F79EFBC}") = "MetroUi", "MetroUi\MetroUi.csproj", "{89D852E1-7D05-4168-A3B3-C788B7BF9D8A}"
EndProject
Global
	GlobalSection(SolutionConfigurationPlatforms) = preSolution
		Debug|Any CPU = Debug|Any CPU
		Release|Any CPU = Release|Any CPU
	EndGlobalSection
	GlobalSection(ProjectConfigurationPlatforms) = postSolution
		{89D852E1-7D05-4168-A3B3-C788B7BF9D8A}.Debug|Any CPU.ActiveCfg = Debug|Any CPU
		{89D852E1-7D05-4168-A3B3-C788B7BF9D8A}.Debug|Any CPU.Build.0 = Debug|Any CPU
		{89D852E1-7D05-4168-A3B3-C788B7BF9D8A}.Release|Any CPU.ActiveCfg = Release|Any CPU
		{89D852E1-7D05-4168-A3B3-C788B7BF9D8A}.Release|Any CPU.Build.0 = Release|Any CPU
	EndGlobalSection
	GlobalSection(SolutionProperties) = preSolution
		HideSolutionNode = FALSE
	EndGlobalSection
	GlobalSection(ExtensibilityGlobals) = postSolution
		SolutionGuid = {844391E7-A152-43A4-9E81-2F1EC5A19B45}
	EndGlobalSection
EndGlobal
